
Microsoft Visual Studio Solution File, Format Version 12.00
# Visual Studio Version 17
VisualStudioVersion = 17.10.35013.160
MinimumVisualStudioVersion = 10.0.40219.1
Project("{9A19103F-16F7-4668-BE54-9A1E7A4F7556}") = "DownloadOrganizer", "DownloadOrganizer\DownloadOrganizer.csproj", "{53861D52-5044-4F6B-8C39-111EAD41BF47}"
EndProject
Project("{FAE04EC0-301F-11D3-BF4B-00C04F79EFBC}") = "DownloadOrganizer.Tests", "DownloadOrganizer.Tests\DownloadOrganizer.Tests.csproj", "{C6A6E01F-B40F-4A22-B99C-F26A1A2C5836}"
EndProject
Project("{FAE04EC0-301F-11D3-BF4B-00C04F79EFBC}") = "Aria2TelegramBot", "Aria2TelegramBot\Aria2TelegramBot.csproj", "{19EAEF6F-711C-4E31-B962-683F1354A3B9}"
EndProject
Project("{FAE04EC0-301F-11D3-BF4B-00C04F79EFBC}") = "Server.Api", "Server.Api\Server.Api.csproj", "{770F59B3-AFE6-4295-9F8E-F2DBAA056D6D}"
EndProject
Global
	GlobalSection(SolutionConfigurationPlatforms) = preSolution
		Debug|Any CPU = Debug|Any CPU
		Release|Any CPU = Release|Any CPU
	EndGlobalSection
	GlobalSection(ProjectConfigurationPlatforms) = postSolution
		{53861D52-5044-4F6B-8C39-111EAD41BF47}.Debug|Any CPU.ActiveCfg = Debug|Any CPU
		{53861D52-5044-4F6B-8C39-111EAD41BF47}.Debug|Any CPU.Build.0 = Debug|Any CPU
		{53861D52-5044-4F6B-8C39-111EAD41BF47}.Release|Any CPU.ActiveCfg = Release|Any CPU
		{53861D52-5044-4F6B-8C39-111EAD41BF47}.Release|Any CPU.Build.0 = Release|Any CPU
		{C6A6E01F-B40F-4A22-B99C-F26A1A2C5836}.Debug|Any CPU.ActiveCfg = Debug|Any CPU
		{C6A6E01F-B40F-4A22-B99C-F26A1A2C5836}.Debug|Any CPU.Build.0 = Debug|Any CPU
		{C6A6E01F-B40F-4A22-B99C-F26A1A2C5836}.Release|Any CPU.ActiveCfg = Release|Any CPU
		{C6A6E01F-B40F-4A22-B99C-F26A1A2C5836}.Release|Any CPU.Build.0 = Release|Any CPU
		{19EAEF6F-711C-4E31-B962-683F1354A3B9}.Debug|Any CPU.ActiveCfg = Debug|Any CPU
		{19EAEF6F-711C-4E31-B962-683F1354A3B9}.Debug|Any CPU.Build.0 = Debug|Any CPU
		{19EAEF6F-711C-4E31-B962-683F1354A3B9}.Release|Any CPU.ActiveCfg = Release|Any CPU
		{19EAEF6F-711C-4E31-B962-683F1354A3B9}.Release|Any CPU.Build.0 = Release|Any CPU
		{770F59B3-AFE6-4295-9F8E-F2DBAA056D6D}.Debug|Any CPU.ActiveCfg = Debug|Any CPU
		{770F59B3-AFE6-4295-9F8E-F2DBAA056D6D}.Debug|Any CPU.Build.0 = Debug|Any CPU
		{770F59B3-AFE6-4295-9F8E-F2DBAA056D6D}.Release|Any CPU.ActiveCfg = Release|Any CPU
		{770F59B3-AFE6-4295-9F8E-F2DBAA056D6D}.Release|Any CPU.Build.0 = Release|Any CPU
	EndGlobalSection
	GlobalSection(SolutionProperties) = preSolution
		HideSolutionNode = FALSE
	EndGlobalSection
	GlobalSection(ExtensibilityGlobals) = postSolution
		SolutionGuid = {448BCCBB-B89C-42F8-9AE2-13B00908403A}
	EndGlobalSection
EndGlobal
